{
  "requires": true,
  "lockfileVersion": 1,
  "dependencies": {
    "@angular/animations": {
      "version": "13.2.0",
      "resolved": "https://registry.npmjs.org/@angular/animations/-/animations-13.2.0.tgz",
      "integrity": "sha512-zLmNxkfxDQShJ97V9gTyQdlEbCD/zDUdpHXKlUViBIbe2M13FLGV3e2D+x9jGr/PRzFe0cukOnYxNEHJqqjqPA==",
      "requires": {
        "tslib": "^2.3.0"
      }
    },
    "@angular/common": {
      "version": "13.2.0",
      "resolved": "https://registry.npmjs.org/@angular/common/-/common-13.2.0.tgz",
      "integrity": "sha512-zyq3kscl5BoY+xxl4YOfbKP72xwzx/vKLE+2ougjPu2spm5KIllIAo/VrxVqIBrsGWT/4gs9pvIOqOdOfufxUA==",
      "requires": {
        "tslib": "^2.3.0"
      }
    },
    "@angular/compiler": {
      "version": "13.2.0",
      "resolved": "https://registry.npmjs.org/@angular/compiler/-/compiler-13.2.0.tgz",
      "integrity": "sha512-TTA+Mn31vAwI4qiaH0h8DqNV3DWgZF+Q9G8Qqbw17k8Jf+B5CdLkMYBF8wbGegIdsEfo+6DebCp71W+aJxuSlw==",
      "requires": {
        "tslib": "^2.3.0"
      }
    },
    "@angular/core": {
      "version": "13.2.0",
      "resolved": "https://registry.npmjs.org/@angular/core/-/core-13.2.0.tgz",
      "integrity": "sha512-mWRWbbZ6k00AicA/GrxmWKaw8upo77sRQz4tSYKpwVKt2TtCeoW8OkdYUpnmuVjxpF0bD6PtVc0e1fD6es/ElA==",
      "requires": {
        "tslib": "^2.3.0"
      }
    },
    "@angular/forms": {
      "version": "13.2.0",
      "resolved": "https://registry.npmjs.org/@angular/forms/-/forms-13.2.0.tgz",
      "integrity": "sha512-aduXLuvqynDRRdb316yY1O5rdMQ2DKeNxu5P2FG1nkLQ3hqZvpiaUMhFyXvKDG3s0rV5e/PZs1cpg0Aqdfwevw==",
      "requires": {
        "tslib": "^2.3.0"
      }
    },
    "@angular/http": {
      "version": "7.2.16",
      "resolved": "https://registry.npmjs.org/@angular/http/-/http-7.2.16.tgz",
      "integrity": "sha512-yvjbNyzFSmmz4UTjCdy5M8mk0cZqf9TvSf8yN5UVIwtw4joyuUdlgJCuin0qSbQOKIf/JjHoofpO2JkPCGSNww==",
      "requires": {
        "tslib": "^1.9.0"
      },
      "dependencies": {
        "tslib": {
          "version": "1.14.1",
          "resolved": "https://registry.npmjs.org/tslib/-/tslib-1.14.1.tgz",
          "integrity": "sha512-Xni35NKzjgMrwevysHTCArtLDpPvye8zV/0E4EyYn43P7/7qvQwPh9BGkHewbMulVntbigmcT7rdX3BNo9wRJg=="
        }
      }
    },
    "@angular/platform-browser": {
      "version": "13.2.0",
      "resolved": "https://registry.npmjs.org/@angular/platform-browser/-/platform-browser-13.2.0.tgz",
      "integrity": "sha512-FB9eKdRqpjopTFbea5JXnqSPFR7DZD4nepOSGnYttV9cVj4pABqx2A6FJCnyvPPUSTamODye/pNkGmzP2P1gcw==",
      "requires": {
        "tslib": "^2.3.0"
      }
    },
    "@angular/platform-browser-dynamic": {
      "version": "13.2.0",
      "resolved": "https://registry.npmjs.org/@angular/platform-browser-dynamic/-/platform-browser-dynamic-13.2.0.tgz",
      "integrity": "sha512-VPL0uF/KWk+jBfkZwt60K6YbTFOvQzZbhwE4LttjjejstdvR0IMD3PtVDrdgIUWNfjikcCVN5Ds0GB6zZUb04Q==",
      "requires": {
        "tslib": "^2.3.0"
      }
    },
    "@angular/router": {
      "version": "13.2.0",
      "resolved": "https://registry.npmjs.org/@angular/router/-/router-13.2.0.tgz",
      "integrity": "sha512-8fWxcWT/LpaGhmXJ8xH+E7UObzt5IMGzK1sJGRu508y5tcbuBlTJt3yV97mCeUQ0g/E+2GEv6vuxY7OcfDaZow==",
      "requires": {
        "tslib": "^2.3.0"
      }
    },
    "core-js": {
      "version": "3.20.3",
      "resolved": "https://registry.npmjs.org/core-js/-/core-js-3.20.3.tgz",
      "integrity": "sha512-vVl8j8ph6tRS3B8qir40H7yw7voy17xL0piAjlbBUsH7WIfzoedL/ZOr1OV9FyZQLWXsayOJyV4tnRyXR85/ag=="
    },
    "rxjs": {
      "version": "7.5.2",
      "resolved": "https://registry.npmjs.org/rxjs/-/rxjs-7.5.2.tgz",
      "integrity": "sha512-PwDt186XaL3QN5qXj/H9DGyHhP3/RYYgZZwqBv9Tv8rsAaiwFH1IsJJlcgD37J7UW5a6O67qX0KWKS3/pu0m4w==",
      "requires": {
        "tslib": "^2.1.0"
      }
    },
    "tslib": {
      "version": "2.3.1",
      "resolved": "https://registry.npmjs.org/tslib/-/tslib-2.3.1.tgz",
      "integrity": "sha512-77EbyPPpMz+FRFRuAFlWMtmgUWGe9UOG2Z25NqCwiIjRhOf5iKGuzSe5P2w1laq+FkRy4p+PCuVkJSGkzTEKVw=="
    },
    "zone.js": {
      "version": "0.11.4",
      "resolved": "https://registry.npmjs.org/zone.js/-/zone.js-0.11.4.tgz",
      "integrity": "sha512-DDh2Ab+A/B+9mJyajPjHFPWfYU1H+pdun4wnnk0OcQTNjem1XQSZ2CDW+rfZEUDjv5M19SBqAkjZi0x5wuB5Qw==",
      "requires": {
        "tslib": "^2.0.0"
      }
    }
  }
}
